
Microsoft Visual Studio Solution File, Format Version 12.00
# Visual Studio 15
VisualStudioVersion = 15.0.28307.421
MinimumVisualStudioVersion = 10.0.40219.1
Project("{9A19103F-16F7-4668-BE54-9A1E7A4F7556}") = "Checkout.HomeTask.Api", "Checkout.HomeTask.Api\Checkout.HomeTask.Api.csproj", "{B38534C9-52A8-430A-8E85-619ABB8AC339}"
EndProject
Project("{FAE04EC0-301F-11D3-BF4B-00C04F79EFBC}") = "Checkout.HomeTask.IntegrationTests", "Checkout.HomeTask.IntegrationTests\Checkout.HomeTask.IntegrationTests.csproj", "{EF60082C-F02A-483D-AC34-7081862FC15D}"
EndProject
Global
	GlobalSection(SolutionConfigurationPlatforms) = preSolution
		Debug|Any CPU = Debug|Any CPU
		Release|Any CPU = Release|Any CPU
	EndGlobalSection
	GlobalSection(ProjectConfigurationPlatforms) = postSolution
		{B38534C9-52A8-430A-8E85-619ABB8AC339}.Debug|Any CPU.ActiveCfg = Debug|Any CPU
		{B38534C9-52A8-430A-8E85-619ABB8AC339}.Debug|Any CPU.Build.0 = Debug|Any CPU
		{B38534C9-52A8-430A-8E85-619ABB8AC339}.Release|Any CPU.ActiveCfg = Release|Any CPU
		{B38534C9-52A8-430A-8E85-619ABB8AC339}.Release|Any CPU.Build.0 = Release|Any CPU
		{EF60082C-F02A-483D-AC34-7081862FC15D}.Debug|Any CPU.ActiveCfg = Debug|Any CPU
		{EF60082C-F02A-483D-AC34-7081862FC15D}.Debug|Any CPU.Build.0 = Debug|Any CPU
		{EF60082C-F02A-483D-AC34-7081862FC15D}.Release|Any CPU.ActiveCfg = Release|Any CPU
		{EF60082C-F02A-483D-AC34-7081862FC15D}.Release|Any CPU.Build.0 = Release|Any CPU
	EndGlobalSection
	GlobalSection(SolutionProperties) = preSolution
		HideSolutionNode = FALSE
	EndGlobalSection
	GlobalSection(ExtensibilityGlobals) = postSolution
		SolutionGuid = {ACFCC35F-2A79-4784-B98F-207113DC95E4}
	EndGlobalSection
EndGlobal
